
Microsoft Visual Studio Solution File, Format Version 12.00
Project("{FAE04EC0-301F-11D3-BF4B-00C04F79EFBC}") = "Katas", "Katas\Katas.csproj", "{D4AD2F6F-1DB4-4958-A04D-C570977BFA6B}"
EndProject
Project("{FAE04EC0-301F-11D3-BF4B-00C04F79EFBC}") = "Katas.Test", "Katas.Test\Katas.Test.csproj", "{EBF77408-0639-4304-A552-1E7E4B9CD44F}"
EndProject
Global
	GlobalSection(SolutionConfigurationPlatforms) = preSolution
		Debug|Any CPU = Debug|Any CPU
		Release|Any CPU = Release|Any CPU
	EndGlobalSection
	GlobalSection(ProjectConfigurationPlatforms) = postSolution
		{D4AD2F6F-1DB4-4958-A04D-C570977BFA6B}.Debug|Any CPU.ActiveCfg = Debug|Any CPU
		{D4AD2F6F-1DB4-4958-A04D-C570977BFA6B}.Debug|Any CPU.Build.0 = Debug|Any CPU
		{D4AD2F6F-1DB4-4958-A04D-C570977BFA6B}.Release|Any CPU.ActiveCfg = Release|Any CPU
		{D4AD2F6F-1DB4-4958-A04D-C570977BFA6B}.Release|Any CPU.Build.0 = Release|Any CPU
		{EBF77408-0639-4304-A552-1E7E4B9CD44F}.Debug|Any CPU.ActiveCfg = Debug|Any CPU
		{EBF77408-0639-4304-A552-1E7E4B9CD44F}.Debug|Any CPU.Build.0 = Debug|Any CPU
		{EBF77408-0639-4304-A552-1E7E4B9CD44F}.Release|Any CPU.ActiveCfg = Release|Any CPU
		{EBF77408-0639-4304-A552-1E7E4B9CD44F}.Release|Any CPU.Build.0 = Release|Any CPU
	EndGlobalSection
EndGlobal
